
Microsoft Visual Studio Solution File, Format Version 12.00
# Visual Studio Version 17
VisualStudioVersion = 17.4.33403.182
MinimumVisualStudioVersion = 10.0.40219.1
Project("{FAE04EC0-301F-11D3-BF4B-00C04F79EFBC}") = "InheritanceMiniProject", "InheritanceMiniProject\InheritanceMiniProject.csproj", "{4D9E92FD-D389-43FC-BB19-DA5EA7F1D83E}"
EndProject
Global
	GlobalSection(SolutionConfigurationPlatforms) = preSolution
		Debug|Any CPU = Debug|Any CPU
		Release|Any CPU = Release|Any CPU
	EndGlobalSection
	GlobalSection(ProjectConfigurationPlatforms) = postSolution
		{4D9E92FD-D389-43FC-BB19-DA5EA7F1D83E}.Debug|Any CPU.ActiveCfg = Debug|Any CPU
		{4D9E92FD-D389-43FC-BB19-DA5EA7F1D83E}.Debug|Any CPU.Build.0 = Debug|Any CPU
		{4D9E92FD-D389-43FC-BB19-DA5EA7F1D83E}.Release|Any CPU.ActiveCfg = Release|Any CPU
		{4D9E92FD-D389-43FC-BB19-DA5EA7F1D83E}.Release|Any CPU.Build.0 = Release|Any CPU
	EndGlobalSection
	GlobalSection(SolutionProperties) = preSolution
		HideSolutionNode = FALSE
	EndGlobalSection
	GlobalSection(ExtensibilityGlobals) = postSolution
		SolutionGuid = {8036C86E-4E9E-4EEE-92E9-90DA1FA3F6C7}
	EndGlobalSection
EndGlobal
